
Microsoft Visual Studio Solution File, Format Version 12.00
# Visual Studio Version 17
VisualStudioVersion = 17.0.31903.59
MinimumVisualStudioVersion = 10.0.40219.1
Project("{FAE04EC0-301F-11D3-BF4B-00C04F79EFBC}") = "API", "API\API.csproj", "{E70C480E-5934-4912-8FC1-B917981815EC}"
EndProject
Project("{FAE04EC0-301F-11D3-BF4B-00C04F79EFBC}") = "Core", "Core\Core.csproj", "{A7D89873-3F31-4B62-8F73-B917E8389E0B}"
EndProject
Project("{FAE04EC0-301F-11D3-BF4B-00C04F79EFBC}") = "Infrastructure", "Infrastructure\Infrastructure.csproj", "{BECEF821-2EFC-4329-B4EA-249BC9CCC65C}"
EndProject
Global
	GlobalSection(SolutionConfigurationPlatforms) = preSolution
		Debug|Any CPU = Debug|Any CPU
		Release|Any CPU = Release|Any CPU
	EndGlobalSection
	GlobalSection(SolutionProperties) = preSolution
		HideSolutionNode = FALSE
	EndGlobalSection
	GlobalSection(ProjectConfigurationPlatforms) = postSolution
		{E70C480E-5934-4912-8FC1-B917981815EC}.Debug|Any CPU.ActiveCfg = Debug|Any CPU
		{E70C480E-5934-4912-8FC1-B917981815EC}.Debug|Any CPU.Build.0 = Debug|Any CPU
		{E70C480E-5934-4912-8FC1-B917981815EC}.Release|Any CPU.ActiveCfg = Release|Any CPU
		{E70C480E-5934-4912-8FC1-B917981815EC}.Release|Any CPU.Build.0 = Release|Any CPU
		{A7D89873-3F31-4B62-8F73-B917E8389E0B}.Debug|Any CPU.ActiveCfg = Debug|Any CPU
		{A7D89873-3F31-4B62-8F73-B917E8389E0B}.Debug|Any CPU.Build.0 = Debug|Any CPU
		{A7D89873-3F31-4B62-8F73-B917E8389E0B}.Release|Any CPU.ActiveCfg = Release|Any CPU
		{A7D89873-3F31-4B62-8F73-B917E8389E0B}.Release|Any CPU.Build.0 = Release|Any CPU
		{BECEF821-2EFC-4329-B4EA-249BC9CCC65C}.Debug|Any CPU.ActiveCfg = Debug|Any CPU
		{BECEF821-2EFC-4329-B4EA-249BC9CCC65C}.Debug|Any CPU.Build.0 = Debug|Any CPU
		{BECEF821-2EFC-4329-B4EA-249BC9CCC65C}.Release|Any CPU.ActiveCfg = Release|Any CPU
		{BECEF821-2EFC-4329-B4EA-249BC9CCC65C}.Release|Any CPU.Build.0 = Release|Any CPU
	EndGlobalSection
EndGlobal
